// !$*UTF8*$!
{
	archiveVersion = 1;
	classes = {
	};
	objectVersion = 46;
	objects = {

/* Begin PBXBuildFile section */
		A62D413317BD795F0073DDB4 /* Database.m in Sources */ = {isa = PBXBuildFile; fileRef = A62D413217BD795F0073DDB4 /* Database.m */; };
		A62D413917BD7BE80073DDB4 /* Note.m in Sources */ = {isa = PBXBuildFile; fileRef = A62D413817BD7BE80073DDB4 /* Note.m */; };
		A62D413C17BD7D850073DDB4 /* CanvasViewController.m in Sources */ = {isa = PBXBuildFile; fileRef = A62D413B17BD7D850073DDB4 /* CanvasViewController.m */; };
		A699F2F817CC06830001E6B0 /* CanvasSelectionViewController.m in Sources */ = {isa = PBXBuildFile; fileRef = A699F2F717CC06830001E6B0 /* CanvasSelectionViewController.m */; };
		A699F2FD17CC18FB0001E6B0 /* Notifications.m in Sources */ = {isa = PBXBuildFile; fileRef = A699F2FC17CC18FB0001E6B0 /* Notifications.m */; };
		A6EF0DDF17C41173005EF2A0 /* DrawerViewController.m in Sources */ = {isa = PBXBuildFile; fileRef = A6EF0DDE17C41173005EF2A0 /* DrawerViewController.m */; };
		A6EF0DE217C537DD005EF2A0 /* FocusViewController.m in Sources */ = {isa = PBXBuildFile; fileRef = A6EF0DE117C537DD005EF2A0 /* FocusViewController.m */; };
		A6EF0DE517C56310005EF2A0 /* NoteView.m in Sources */ = {isa = PBXBuildFile; fileRef = A6EF0DE417C56310005EF2A0 /* NoteView.m */; };
		A6F553EF17BD737200728B8C /* Foundation.framework in Frameworks */ = {isa = PBXBuildFile; fileRef = A6F553EE17BD737200728B8C /* Foundation.framework */; };
		A6F553F117BD737200728B8C /* CoreGraphics.framework in Frameworks */ = {isa = PBXBuildFile; fileRef = A6F553F017BD737200728B8C /* CoreGraphics.framework */; };
		A6F553F317BD737200728B8C /* UIKit.framework in Frameworks */ = {isa = PBXBuildFile; fileRef = A6F553F217BD737200728B8C /* UIKit.framework */; };
		A6F553F517BD737200728B8C /* CoreData.framework in Frameworks */ = {isa = PBXBuildFile; fileRef = A6F553F417BD737200728B8C /* CoreData.framework */; };
		A6F553FB17BD737200728B8C /* InfoPlist.strings in Resources */ = {isa = PBXBuildFile; fileRef = A6F553F917BD737200728B8C /* InfoPlist.strings */; };
		A6F553FD17BD737200728B8C /* main.m in Sources */ = {isa = PBXBuildFile; fileRef = A6F553FC17BD737200728B8C /* main.m */; };
		A6F5540117BD737200728B8C /* AppDelegate.m in Sources */ = {isa = PBXBuildFile; fileRef = A6F5540017BD737200728B8C /* AppDelegate.m */; };
		A6F5540417BD737200728B8C /* Space.xcdatamodeld in Sources */ = {isa = PBXBuildFile; fileRef = A6F5540217BD737200728B8C /* Space.xcdatamodeld */; };
		A6F5540617BD737200728B8C /* Images.xcassets in Resources */ = {isa = PBXBuildFile; fileRef = A6F5540517BD737200728B8C /* Images.xcassets */; };
		A6F5540D17BD737200728B8C /* XCTest.framework in Frameworks */ = {isa = PBXBuildFile; fileRef = A6F5540C17BD737200728B8C /* XCTest.framework */; };
		A6F5540E17BD737200728B8C /* Foundation.framework in Frameworks */ = {isa = PBXBuildFile; fileRef = A6F553EE17BD737200728B8C /* Foundation.framework */; };
		A6F5540F17BD737200728B8C /* UIKit.framework in Frameworks */ = {isa = PBXBuildFile; fileRef = A6F553F217BD737200728B8C /* UIKit.framework */; };
		A6F5541017BD737200728B8C /* CoreData.framework in Frameworks */ = {isa = PBXBuildFile; fileRef = A6F553F417BD737200728B8C /* CoreData.framework */; };
		A6F5541817BD737200728B8C /* InfoPlist.strings in Resources */ = {isa = PBXBuildFile; fileRef = A6F5541617BD737200728B8C /* InfoPlist.strings */; };
		A6F5541A17BD737200728B8C /* SpaceTests.m in Sources */ = {isa = PBXBuildFile; fileRef = A6F5541917BD737200728B8C /* SpaceTests.m */; };
		B8270B5817D7C605007B6EBB /* CanvasMenuPopover.m in Sources */ = {isa = PBXBuildFile; fileRef = B8270B5717D7C605007B6EBB /* CanvasMenuPopover.m */; };
		B83D02C1180765C1003A2C7B /* HelperMethods.m in Sources */ = {isa = PBXBuildFile; fileRef = B83D02C0180765C1003A2C7B /* HelperMethods.m */; };
		B83D42D517D8F5E800409BBF /* Constants.m in Sources */ = {isa = PBXBuildFile; fileRef = B83D42D417D8F5E800409BBF /* Constants.m */; };
		B84E6E4D17F25A9A005A78D6 /* PrototypingPopover.m in Sources */ = {isa = PBXBuildFile; fileRef = B84E6E4C17F25A9A005A78D6 /* PrototypingPopover.m */; };
		B8CFC07317EA4B7B000F0853 /* Coordinate.m in Sources */ = {isa = PBXBuildFile; fileRef = B8CFC07217EA4B7B000F0853 /* Coordinate.m */; };
		B8DDD1CE18109C3600567AA7 /* backcolor.png in Resources */ = {isa = PBXBuildFile; fileRef = B8DDD18918109C3500567AA7 /* backcolor.png */; };
		B8DDD1CF18109C3600567AA7 /* bold.png in Resources */ = {isa = PBXBuildFile; fileRef = B8DDD18A18109C3500567AA7 /* bold.png */; };
		B8DDD1D018109C3600567AA7 /* bold@2x.png in Resources */ = {isa = PBXBuildFile; fileRef = B8DDD18B18109C3500567AA7 /* bold@2x.png */; };
		B8DDD1D118109C3600567AA7 /* bullist.png in Resources */ = {isa = PBXBuildFile; fileRef = B8DDD18C18109C3500567AA7 /* bullist.png */; };
		B8DDD1D218109C3600567AA7 /* bullist@2x.png in Resources */ = {isa = PBXBuildFile; fileRef = B8DDD18D18109C3500567AA7 /* bullist@2x.png */; };
		B8DDD1D318109C3600567AA7 /* button.png in Resources */ = {isa = PBXBuildFile; fileRef = B8DDD18F18109C3500567AA7 /* button.png */; };
		B8DDD1D418109C3600567AA7 /* buttoncenter.png in Resources */ = {isa = PBXBuildFile; fileRef = B8DDD19018109C3500567AA7 /* buttoncenter.png */; };
		B8DDD1D518109C3600567AA7 /* buttoncenterSelected.png in Resources */ = {isa = PBXBuildFile; fileRef = B8DDD19118109C3500567AA7 /* buttoncenterSelected.png */; };
		B8DDD1D618109C3600567AA7 /* buttonleft.png in Resources */ = {isa = PBXBuildFile; fileRef = B8DDD19218109C3500567AA7 /* buttonleft.png */; };
		B8DDD1D718109C3600567AA7 /* buttonleftSelected.png in Resources */ = {isa = PBXBuildFile; fileRef = B8DDD19318109C3500567AA7 /* buttonleftSelected.png */; };
		B8DDD1D818109C3600567AA7 /* buttonright.png in Resources */ = {isa = PBXBuildFile; fileRef = B8DDD19418109C3500567AA7 /* buttonright.png */; };
		B8DDD1D918109C3600567AA7 /* buttonrightSelected.png in Resources */ = {isa = PBXBuildFile; fileRef = B8DDD19518109C3500567AA7 /* buttonrightSelected.png */; };
		B8DDD1DA18109C3600567AA7 /* buttonSelected.png in Resources */ = {isa = PBXBuildFile; fileRef = B8DDD19618109C3500567AA7 /* buttonSelected.png */; };
		B8DDD1DB18109C3600567AA7 /* dropDownTriangle.png in Resources */ = {isa = PBXBuildFile; fileRef = B8DDD19718109C3500567AA7 /* dropDownTriangle.png */; };
		B8DDD1DC18109C3600567AA7 /* dropDownTriangle@2x.png in Resources */ = {isa = PBXBuildFile; fileRef = B8DDD19818109C3500567AA7 /* dropDownTriangle@2x.png */; };
		B8DDD1DD18109C3600567AA7 /* code.png in Resources */ = {isa = PBXBuildFile; fileRef = B8DDD19918109C3500567AA7 /* code.png */; };
		B8DDD1DE18109C3600567AA7 /* colors.jpg in Resources */ = {isa = PBXBuildFile; fileRef = B8DDD19A18109C3500567AA7 /* colors.jpg */; };
		B8DDD1DF18109C3600567AA7 /* email.png in Resources */ = {isa = PBXBuildFile; fileRef = B8DDD19B18109C3500567AA7 /* email.png */; };
		B8DDD1E018109C3600567AA7 /* file.png in Resources */ = {isa = PBXBuildFile; fileRef = B8DDD19C18109C3500567AA7 /* file.png */; };
		B8DDD1E118109C3600567AA7 /* firstLineIndent.png in Resources */ = {isa = PBXBuildFile; fileRef = B8DDD19D18109C3500567AA7 /* firstLineIndent.png */; };
		B8DDD1E218109C3600567AA7 /* firstLineIndent@2x.png in Resources */ = {isa = PBXBuildFile; fileRef = B8DDD19E18109C3500567AA7 /* firstLineIndent@2x.png */; };
		B8DDD1E318109C3600567AA7 /* forecolor.png in Resources */ = {isa = PBXBuildFile; fileRef = B8DDD19F18109C3500567AA7 /* forecolor.png */; };
		B8DDD1E418109C3600567AA7 /* image.png in Resources */ = {isa = PBXBuildFile; fileRef = B8DDD1A018109C3500567AA7 /* image.png */; };
		B8DDD1E518109C3600567AA7 /* indent.png in Resources */ = {isa = PBXBuildFile; fileRef = B8DDD1A118109C3500567AA7 /* indent.png */; };
		B8DDD1E618109C3600567AA7 /* indent@2x.png in Resources */ = {isa = PBXBuildFile; fileRef = B8DDD1A218109C3500567AA7 /* indent@2x.png */; };
		B8DDD1E718109C3600567AA7 /* italic.png in Resources */ = {isa = PBXBuildFile; fileRef = B8DDD1A318109C3500567AA7 /* italic.png */; };
		B8DDD1E818109C3600567AA7 /* italic@2x.png in Resources */ = {isa = PBXBuildFile; fileRef = B8DDD1A418109C3500567AA7 /* italic@2x.png */; };
		B8DDD1E918109C3600567AA7 /* justifycenter.png in Resources */ = {isa = PBXBuildFile; fileRef = B8DDD1A518109C3500567AA7 /* justifycenter.png */; };
		B8DDD1EA18109C3600567AA7 /* justifycenter@2x.png in Resources */ = {isa = PBXBuildFile; fileRef = B8DDD1A618109C3500567AA7 /* justifycenter@2x.png */; };
		B8DDD1EB18109C3600567AA7 /* justifyfull.png in Resources */ = {isa = PBXBuildFile; fileRef = B8DDD1A718109C3500567AA7 /* justifyfull.png */; };
		B8DDD1EC18109C3600567AA7 /* justifyfull@2x.png in Resources */ = {isa = PBXBuildFile; fileRef = B8DDD1A818109C3500567AA7 /* justifyfull@2x.png */; };
		B8DDD1ED18109C3600567AA7 /* justifyleft.png in Resources */ = {isa = PBXBuildFile; fileRef = B8DDD1A918109C3500567AA7 /* justifyleft.png */; };
		B8DDD1EE18109C3600567AA7 /* justifyleft@2x.png in Resources */ = {isa = PBXBuildFile; fileRef = B8DDD1AA18109C3500567AA7 /* justifyleft@2x.png */; };
		B8DDD1EF18109C3600567AA7 /* justifyright.png in Resources */ = {isa = PBXBuildFile; fileRef = B8DDD1AB18109C3500567AA7 /* justifyright.png */; };
		B8DDD1F018109C3600567AA7 /* justifyright@2x.png in Resources */ = {isa = PBXBuildFile; fileRef = B8DDD1AC18109C3500567AA7 /* justifyright@2x.png */; };
		B8DDD1F118109C3600567AA7 /* link.png in Resources */ = {isa = PBXBuildFile; fileRef = B8DDD1AD18109C3500567AA7 /* link.png */; };
		B8DDD1F218109C3600567AA7 /* numlist.png in Resources */ = {isa = PBXBuildFile; fileRef = B8DDD1AE18109C3500567AA7 /* numlist.png */; };
		B8DDD1F318109C3600567AA7 /* numlist@2x.png in Resources */ = {isa = PBXBuildFile; fileRef = B8DDD1AF18109C3500567AA7 /* numlist@2x.png */; };
		B8DDD1F418109C3600567AA7 /* outdent.png in Resources */ = {isa = PBXBuildFile; fileRef = B8DDD1B018109C3500567AA7 /* outdent.png */; };
		B8DDD1F518109C3600567AA7 /* outdent@2x.png in Resources */ = {isa = PBXBuildFile; fileRef = B8DDD1B118109C3500567AA7 /* outdent@2x.png */; };
		B8DDD1F618109C3600567AA7 /* redo.png in Resources */ = {isa = PBXBuildFile; fileRef = B8DDD1B218109C3500567AA7 /* redo.png */; };
		B8DDD1F718109C3600567AA7 /* removeformat.png in Resources */ = {isa = PBXBuildFile; fileRef = B8DDD1B318109C3500567AA7 /* removeformat.png */; };
		B8DDD1F818109C3600567AA7 /* strikethrough.png in Resources */ = {isa = PBXBuildFile; fileRef = B8DDD1B418109C3500567AA7 /* strikethrough.png */; };
		B8DDD1F918109C3600567AA7 /* strikethrough@2x.png in Resources */ = {isa = PBXBuildFile; fileRef = B8DDD1B518109C3500567AA7 /* strikethrough@2x.png */; };
		B8DDD1FA18109C3600567AA7 /* underline.png in Resources */ = {isa = PBXBuildFile; fileRef = B8DDD1B618109C3500567AA7 /* underline.png */; };
		B8DDD1FB18109C3600567AA7 /* underline@2x.png in Resources */ = {isa = PBXBuildFile; fileRef = B8DDD1B718109C3500567AA7 /* underline@2x.png */; };
		B8DDD1FC18109C3600567AA7 /* undo.png in Resources */ = {isa = PBXBuildFile; fileRef = B8DDD1B818109C3500567AA7 /* undo.png */; };
		B8DDD1FD18109C3600567AA7 /* unlink.png in Resources */ = {isa = PBXBuildFile; fileRef = B8DDD1B918109C3500567AA7 /* unlink.png */; };
		B8DDD1FE18109C3600567AA7 /* NSAttributedString+RichTextEditor.m in Sources */ = {isa = PBXBuildFile; fileRef = B8DDD1BC18109C3600567AA7 /* NSAttributedString+RichTextEditor.m */; };
		B8DDD1FF18109C3600567AA7 /* UIFont+RichTextEditor.m in Sources */ = {isa = PBXBuildFile; fileRef = B8DDD1BE18109C3600567AA7 /* UIFont+RichTextEditor.m */; };
		B8DDD20018109C3600567AA7 /* UIView+RichTextEditor.m in Sources */ = {isa = PBXBuildFile; fileRef = B8DDD1C018109C3600567AA7 /* UIView+RichTextEditor.m */; };
		B8DDD20118109C3600567AA7 /* RichTextEditor.m in Sources */ = {isa = PBXBuildFile; fileRef = B8DDD1C218109C3600567AA7 /* RichTextEditor.m */; };
		B8DDD20218109C3600567AA7 /* RichTextEditorColorPickerViewController.m in Sources */ = {isa = PBXBuildFile; fileRef = B8DDD1C418109C3600567AA7 /* RichTextEditorColorPickerViewController.m */; };
		B8DDD20318109C3600567AA7 /* RichTextEditorFontPickerViewController.m in Sources */ = {isa = PBXBuildFile; fileRef = B8DDD1C618109C3600567AA7 /* RichTextEditorFontPickerViewController.m */; };
		B8DDD20418109C3600567AA7 /* RichTextEditorFontSizePickerViewController.m in Sources */ = {isa = PBXBuildFile; fileRef = B8DDD1C818109C3600567AA7 /* RichTextEditorFontSizePickerViewController.m */; };
		B8DDD20518109C3600567AA7 /* RichTextEditorToggleButton.m in Sources */ = {isa = PBXBuildFile; fileRef = B8DDD1CB18109C3600567AA7 /* RichTextEditorToggleButton.m */; };
		B8DDD20618109C3600567AA7 /* RichTextEditorToolbar.m in Sources */ = {isa = PBXBuildFile; fileRef = B8DDD1CD18109C3600567AA7 /* RichTextEditorToolbar.m */; };
		CA0F8356E0134BAC8244836C /* libPods.a in Frameworks */ = {isa = PBXBuildFile; fileRef = 1842E80713F540AB860880DC /* libPods.a */; };
/* End PBXBuildFile section */

/* Begin PBXContainerItemProxy section */
		A6F5541117BD737200728B8C /* PBXContainerItemProxy */ = {
			isa = PBXContainerItemProxy;
			containerPortal = A6F553E317BD737200728B8C /* Project object */;
			proxyType = 1;
			remoteGlobalIDString = A6F553EA17BD737200728B8C;
			remoteInfo = Space;
		};
/* End PBXContainerItemProxy section */

/* Begin PBXFileReference section */
		1842E80713F540AB860880DC /* libPods.a */ = {isa = PBXFileReference; explicitFileType = archive.ar; includeInIndex = 0; path = libPods.a; sourceTree = BUILT_PRODUCTS_DIR; };
		A62D413117BD795F0073DDB4 /* Database.h */ = {isa = PBXFileReference; fileEncoding = 4; lastKnownFileType = sourcecode.c.h; path = Database.h; sourceTree = "<group>"; };
		A62D413217BD795F0073DDB4 /* Database.m */ = {isa = PBXFileReference; fileEncoding = 4; lastKnownFileType = sourcecode.c.objc; path = Database.m; sourceTree = "<group>"; };
		A62D413717BD7BE80073DDB4 /* Note.h */ = {isa = PBXFileReference; fileEncoding = 4; lastKnownFileType = sourcecode.c.h; path = Note.h; sourceTree = "<group>"; };
		A62D413817BD7BE80073DDB4 /* Note.m */ = {isa = PBXFileReference; fileEncoding = 4; lastKnownFileType = sourcecode.c.objc; path = Note.m; sourceTree = "<group>"; };
		A62D413A17BD7D850073DDB4 /* CanvasViewController.h */ = {isa = PBXFileReference; fileEncoding = 4; lastKnownFileType = sourcecode.c.h; path = CanvasViewController.h; sourceTree = "<group>"; };
		A62D413B17BD7D850073DDB4 /* CanvasViewController.m */ = {isa = PBXFileReference; fileEncoding = 4; lastKnownFileType = sourcecode.c.objc; path = CanvasViewController.m; sourceTree = "<group>"; };
		A699F2F617CC06830001E6B0 /* CanvasSelectionViewController.h */ = {isa = PBXFileReference; fileEncoding = 4; lastKnownFileType = sourcecode.c.h; path = CanvasSelectionViewController.h; sourceTree = "<group>"; };
		A699F2F717CC06830001E6B0 /* CanvasSelectionViewController.m */ = {isa = PBXFileReference; fileEncoding = 4; lastKnownFileType = sourcecode.c.objc; path = CanvasSelectionViewController.m; sourceTree = "<group>"; };
		A699F2FB17CC18FB0001E6B0 /* Notifications.h */ = {isa = PBXFileReference; fileEncoding = 4; lastKnownFileType = sourcecode.c.h; path = Notifications.h; sourceTree = "<group>"; };
		A699F2FC17CC18FB0001E6B0 /* Notifications.m */ = {isa = PBXFileReference; fileEncoding = 4; lastKnownFileType = sourcecode.c.objc; path = Notifications.m; sourceTree = "<group>"; };
		A6EF0DDD17C41173005EF2A0 /* DrawerViewController.h */ = {isa = PBXFileReference; fileEncoding = 4; lastKnownFileType = sourcecode.c.h; path = DrawerViewController.h; sourceTree = "<group>"; };
		A6EF0DDE17C41173005EF2A0 /* DrawerViewController.m */ = {isa = PBXFileReference; fileEncoding = 4; lastKnownFileType = sourcecode.c.objc; path = DrawerViewController.m; sourceTree = "<group>"; };
		A6EF0DE017C537DD005EF2A0 /* FocusViewController.h */ = {isa = PBXFileReference; fileEncoding = 4; lastKnownFileType = sourcecode.c.h; path = FocusViewController.h; sourceTree = "<group>"; };
		A6EF0DE117C537DD005EF2A0 /* FocusViewController.m */ = {isa = PBXFileReference; fileEncoding = 4; lastKnownFileType = sourcecode.c.objc; path = FocusViewController.m; sourceTree = "<group>"; };
		A6EF0DE317C56310005EF2A0 /* NoteView.h */ = {isa = PBXFileReference; fileEncoding = 4; lastKnownFileType = sourcecode.c.h; path = NoteView.h; sourceTree = "<group>"; };
		A6EF0DE417C56310005EF2A0 /* NoteView.m */ = {isa = PBXFileReference; fileEncoding = 4; lastKnownFileType = sourcecode.c.objc; path = NoteView.m; sourceTree = "<group>"; };
		A6F553EB17BD737200728B8C /* Space.app */ = {isa = PBXFileReference; explicitFileType = wrapper.application; includeInIndex = 0; path = Space.app; sourceTree = BUILT_PRODUCTS_DIR; };
		A6F553EE17BD737200728B8C /* Foundation.framework */ = {isa = PBXFileReference; lastKnownFileType = wrapper.framework; name = Foundation.framework; path = System/Library/Frameworks/Foundation.framework; sourceTree = SDKROOT; };
		A6F553F017BD737200728B8C /* CoreGraphics.framework */ = {isa = PBXFileReference; lastKnownFileType = wrapper.framework; name = CoreGraphics.framework; path = System/Library/Frameworks/CoreGraphics.framework; sourceTree = SDKROOT; };
		A6F553F217BD737200728B8C /* UIKit.framework */ = {isa = PBXFileReference; lastKnownFileType = wrapper.framework; name = UIKit.framework; path = System/Library/Frameworks/UIKit.framework; sourceTree = SDKROOT; };
		A6F553F417BD737200728B8C /* CoreData.framework */ = {isa = PBXFileReference; lastKnownFileType = wrapper.framework; name = CoreData.framework; path = System/Library/Frameworks/CoreData.framework; sourceTree = SDKROOT; };
		A6F553F817BD737200728B8C /* Space-Info.plist */ = {isa = PBXFileReference; lastKnownFileType = text.plist.xml; path = "Space-Info.plist"; sourceTree = "<group>"; };
		A6F553FA17BD737200728B8C /* en */ = {isa = PBXFileReference; lastKnownFileType = text.plist.strings; name = en; path = en.lproj/InfoPlist.strings; sourceTree = "<group>"; };
		A6F553FC17BD737200728B8C /* main.m */ = {isa = PBXFileReference; lastKnownFileType = sourcecode.c.objc; path = main.m; sourceTree = "<group>"; };
		A6F553FE17BD737200728B8C /* Space-Prefix.pch */ = {isa = PBXFileReference; lastKnownFileType = sourcecode.c.h; path = "Space-Prefix.pch"; sourceTree = "<group>"; };
		A6F553FF17BD737200728B8C /* AppDelegate.h */ = {isa = PBXFileReference; lastKnownFileType = sourcecode.c.h; path = AppDelegate.h; sourceTree = "<group>"; };
		A6F5540017BD737200728B8C /* AppDelegate.m */ = {isa = PBXFileReference; lastKnownFileType = sourcecode.c.objc; path = AppDelegate.m; sourceTree = "<group>"; };
		A6F5540317BD737200728B8C /* Space.xcdatamodel */ = {isa = PBXFileReference; lastKnownFileType = wrapper.xcdatamodel; path = Space.xcdatamodel; sourceTree = "<group>"; };
		A6F5540517BD737200728B8C /* Images.xcassets */ = {isa = PBXFileReference; lastKnownFileType = folder.assetcatalog; path = Images.xcassets; sourceTree = "<group>"; };
		A6F5540B17BD737200728B8C /* SpaceTests.xctest */ = {isa = PBXFileReference; explicitFileType = wrapper.cfbundle; includeInIndex = 0; path = SpaceTests.xctest; sourceTree = BUILT_PRODUCTS_DIR; };
		A6F5540C17BD737200728B8C /* XCTest.framework */ = {isa = PBXFileReference; lastKnownFileType = wrapper.framework; name = XCTest.framework; path = Library/Frameworks/XCTest.framework; sourceTree = DEVELOPER_DIR; };
		A6F5541517BD737200728B8C /* SpaceTests-Info.plist */ = {isa = PBXFileReference; lastKnownFileType = text.plist.xml; path = "SpaceTests-Info.plist"; sourceTree = "<group>"; };
		A6F5541717BD737200728B8C /* en */ = {isa = PBXFileReference; lastKnownFileType = text.plist.strings; name = en; path = en.lproj/InfoPlist.strings; sourceTree = "<group>"; };
		A6F5541917BD737200728B8C /* SpaceTests.m */ = {isa = PBXFileReference; lastKnownFileType = sourcecode.c.objc; path = SpaceTests.m; sourceTree = "<group>"; };
		B8270B5617D7C605007B6EBB /* CanvasMenuPopover.h */ = {isa = PBXFileReference; fileEncoding = 4; lastKnownFileType = sourcecode.c.h; path = CanvasMenuPopover.h; sourceTree = "<group>"; };
		B8270B5717D7C605007B6EBB /* CanvasMenuPopover.m */ = {isa = PBXFileReference; fileEncoding = 4; lastKnownFileType = sourcecode.c.objc; path = CanvasMenuPopover.m; sourceTree = "<group>"; };
		B83D02BE18075443003A2C7B /* DrawerViewControllerDelegate.h */ = {isa = PBXFileReference; fileEncoding = 4; lastKnownFileType = sourcecode.c.h; path = DrawerViewControllerDelegate.h; sourceTree = "<group>"; };
		B83D02BF180765C1003A2C7B /* HelperMethods.h */ = {isa = PBXFileReference; fileEncoding = 4; lastKnownFileType = sourcecode.c.h; path = HelperMethods.h; sourceTree = "<group>"; };
		B83D02C0180765C1003A2C7B /* HelperMethods.m */ = {isa = PBXFileReference; fileEncoding = 4; lastKnownFileType = sourcecode.c.objc; path = HelperMethods.m; sourceTree = "<group>"; };
		B83D42D317D8F5E800409BBF /* Constants.h */ = {isa = PBXFileReference; fileEncoding = 4; lastKnownFileType = sourcecode.c.h; path = Constants.h; sourceTree = "<group>"; };
		B83D42D417D8F5E800409BBF /* Constants.m */ = {isa = PBXFileReference; fileEncoding = 4; lastKnownFileType = sourcecode.c.objc; path = Constants.m; sourceTree = "<group>"; };
		B84E6E4B17F25A9A005A78D6 /* PrototypingPopover.h */ = {isa = PBXFileReference; fileEncoding = 4; lastKnownFileType = sourcecode.c.h; path = PrototypingPopover.h; sourceTree = "<group>"; };
		B84E6E4C17F25A9A005A78D6 /* PrototypingPopover.m */ = {isa = PBXFileReference; fileEncoding = 4; lastKnownFileType = sourcecode.c.objc; path = PrototypingPopover.m; sourceTree = "<group>"; };
		B8CFC07117EA4B7B000F0853 /* Coordinate.h */ = {isa = PBXFileReference; fileEncoding = 4; lastKnownFileType = sourcecode.c.h; path = Coordinate.h; sourceTree = "<group>"; };
		B8CFC07217EA4B7B000F0853 /* Coordinate.m */ = {isa = PBXFileReference; fileEncoding = 4; lastKnownFileType = sourcecode.c.objc; path = Coordinate.m; sourceTree = "<group>"; };
		B8DDD18918109C3500567AA7 /* backcolor.png */ = {isa = PBXFileReference; lastKnownFileType = image.png; path = backcolor.png; sourceTree = "<group>"; };
		B8DDD18A18109C3500567AA7 /* bold.png */ = {isa = PBXFileReference; lastKnownFileType = image.png; path = bold.png; sourceTree = "<group>"; };
		B8DDD18B18109C3500567AA7 /* bold@2x.png */ = {isa = PBXFileReference; lastKnownFileType = image.png; path = "bold@2x.png"; sourceTree = "<group>"; };
		B8DDD18C18109C3500567AA7 /* bullist.png */ = {isa = PBXFileReference; lastKnownFileType = image.png; path = bullist.png; sourceTree = "<group>"; };
		B8DDD18D18109C3500567AA7 /* bullist@2x.png */ = {isa = PBXFileReference; lastKnownFileType = image.png; path = "bullist@2x.png"; sourceTree = "<group>"; };
		B8DDD18F18109C3500567AA7 /* button.png */ = {isa = PBXFileReference; lastKnownFileType = image.png; path = button.png; sourceTree = "<group>"; };
		B8DDD19018109C3500567AA7 /* buttoncenter.png */ = {isa = PBXFileReference; lastKnownFileType = image.png; path = buttoncenter.png; sourceTree = "<group>"; };
		B8DDD19118109C3500567AA7 /* buttoncenterSelected.png */ = {isa = PBXFileReference; lastKnownFileType = image.png; path = buttoncenterSelected.png; sourceTree = "<group>"; };
		B8DDD19218109C3500567AA7 /* buttonleft.png */ = {isa = PBXFileReference; lastKnownFileType = image.png; path = buttonleft.png; sourceTree = "<group>"; };
		B8DDD19318109C3500567AA7 /* buttonleftSelected.png */ = {isa = PBXFileReference; lastKnownFileType = image.png; path = buttonleftSelected.png; sourceTree = "<group>"; };
		B8DDD19418109C3500567AA7 /* buttonright.png */ = {isa = PBXFileReference; lastKnownFileType = image.png; path = buttonright.png; sourceTree = "<group>"; };
		B8DDD19518109C3500567AA7 /* buttonrightSelected.png */ = {isa = PBXFileReference; lastKnownFileType = image.png; path = buttonrightSelected.png; sourceTree = "<group>"; };
		B8DDD19618109C3500567AA7 /* buttonSelected.png */ = {isa = PBXFileReference; lastKnownFileType = image.png; path = buttonSelected.png; sourceTree = "<group>"; };
		B8DDD19718109C3500567AA7 /* dropDownTriangle.png */ = {isa = PBXFileReference; lastKnownFileType = image.png; path = dropDownTriangle.png; sourceTree = "<group>"; };
		B8DDD19818109C3500567AA7 /* dropDownTriangle@2x.png */ = {isa = PBXFileReference; lastKnownFileType = image.png; path = "dropDownTriangle@2x.png"; sourceTree = "<group>"; };
		B8DDD19918109C3500567AA7 /* code.png */ = {isa = PBXFileReference; lastKnownFileType = image.png; path = code.png; sourceTree = "<group>"; };
		B8DDD19A18109C3500567AA7 /* colors.jpg */ = {isa = PBXFileReference; lastKnownFileType = image.jpeg; path = colors.jpg; sourceTree = "<group>"; };
		B8DDD19B18109C3500567AA7 /* email.png */ = {isa = PBXFileReference; lastKnownFileType = image.png; path = email.png; sourceTree = "<group>"; };
		B8DDD19C18109C3500567AA7 /* file.png */ = {isa = PBXFileReference; lastKnownFileType = image.png; path = file.png; sourceTree = "<group>"; };
		B8DDD19D18109C3500567AA7 /* firstLineIndent.png */ = {isa = PBXFileReference; lastKnownFileType = image.png; path = firstLineIndent.png; sourceTree = "<group>"; };
		B8DDD19E18109C3500567AA7 /* firstLineIndent@2x.png */ = {isa = PBXFileReference; lastKnownFileType = image.png; path = "firstLineIndent@2x.png"; sourceTree = "<group>"; };
		B8DDD19F18109C3500567AA7 /* forecolor.png */ = {isa = PBXFileReference; lastKnownFileType = image.png; path = forecolor.png; sourceTree = "<group>"; };
		B8DDD1A018109C3500567AA7 /* image.png */ = {isa = PBXFileReference; lastKnownFileType = image.png; path = image.png; sourceTree = "<group>"; };
		B8DDD1A118109C3500567AA7 /* indent.png */ = {isa = PBXFileReference; lastKnownFileType = image.png; path = indent.png; sourceTree = "<group>"; };
		B8DDD1A218109C3500567AA7 /* indent@2x.png */ = {isa = PBXFileReference; lastKnownFileType = image.png; path = "indent@2x.png"; sourceTree = "<group>"; };
		B8DDD1A318109C3500567AA7 /* italic.png */ = {isa = PBXFileReference; lastKnownFileType = image.png; path = italic.png; sourceTree = "<group>"; };
		B8DDD1A418109C3500567AA7 /* italic@2x.png */ = {isa = PBXFileReference; lastKnownFileType = image.png; path = "italic@2x.png"; sourceTree = "<group>"; };
		B8DDD1A518109C3500567AA7 /* justifycenter.png */ = {isa = PBXFileReference; lastKnownFileType = image.png; path = justifycenter.png; sourceTree = "<group>"; };
		B8DDD1A618109C3500567AA7 /* justifycenter@2x.png */ = {isa = PBXFileReference; lastKnownFileType = image.png; path = "justifycenter@2x.png"; sourceTree = "<group>"; };
		B8DDD1A718109C3500567AA7 /* justifyfull.png */ = {isa = PBXFileReference; lastKnownFileType = image.png; path = justifyfull.png; sourceTree = "<group>"; };
		B8DDD1A818109C3500567AA7 /* justifyfull@2x.png */ = {isa = PBXFileReference; lastKnownFileType = image.png; path = "justifyfull@2x.png"; sourceTree = "<group>"; };
		B8DDD1A918109C3500567AA7 /* justifyleft.png */ = {isa = PBXFileReference; lastKnownFileType = image.png; path = justifyleft.png; sourceTree = "<group>"; };
		B8DDD1AA18109C3500567AA7 /* justifyleft@2x.png */ = {isa = PBXFileReference; lastKnownFileType = image.png; path = "justifyleft@2x.png"; sourceTree = "<group>"; };
		B8DDD1AB18109C3500567AA7 /* justifyright.png */ = {isa = PBXFileReference; lastKnownFileType = image.png; path = justifyright.png; sourceTree = "<group>"; };
		B8DDD1AC18109C3500567AA7 /* justifyright@2x.png */ = {isa = PBXFileReference; lastKnownFileType = image.png; path = "justifyright@2x.png"; sourceTree = "<group>"; };
		B8DDD1AD18109C3500567AA7 /* link.png */ = {isa = PBXFileReference; lastKnownFileType = image.png; path = link.png; sourceTree = "<group>"; };
		B8DDD1AE18109C3500567AA7 /* numlist.png */ = {isa = PBXFileReference; lastKnownFileType = image.png; path = numlist.png; sourceTree = "<group>"; };
		B8DDD1AF18109C3500567AA7 /* numlist@2x.png */ = {isa = PBXFileReference; lastKnownFileType = image.png; path = "numlist@2x.png"; sourceTree = "<group>"; };
		B8DDD1B018109C3500567AA7 /* outdent.png */ = {isa = PBXFileReference; lastKnownFileType = image.png; path = outdent.png; sourceTree = "<group>"; };
		B8DDD1B118109C3500567AA7 /* outdent@2x.png */ = {isa = PBXFileReference; lastKnownFileType = image.png; path = "outdent@2x.png"; sourceTree = "<group>"; };
		B8DDD1B218109C3500567AA7 /* redo.png */ = {isa = PBXFileReference; lastKnownFileType = image.png; path = redo.png; sourceTree = "<group>"; };
		B8DDD1B318109C3500567AA7 /* removeformat.png */ = {isa = PBXFileReference; lastKnownFileType = image.png; path = removeformat.png; sourceTree = "<group>"; };
		B8DDD1B418109C3500567AA7 /* strikethrough.png */ = {isa = PBXFileReference; lastKnownFileType = image.png; path = strikethrough.png; sourceTree = "<group>"; };
		B8DDD1B518109C3500567AA7 /* strikethrough@2x.png */ = {isa = PBXFileReference; lastKnownFileType = image.png; path = "strikethrough@2x.png"; sourceTree = "<group>"; };
		B8DDD1B618109C3500567AA7 /* underline.png */ = {isa = PBXFileReference; lastKnownFileType = image.png; path = underline.png; sourceTree = "<group>"; };
		B8DDD1B718109C3500567AA7 /* underline@2x.png */ = {isa = PBXFileReference; lastKnownFileType = image.png; path = "underline@2x.png"; sourceTree = "<group>"; };
		B8DDD1B818109C3500567AA7 /* undo.png */ = {isa = PBXFileReference; lastKnownFileType = image.png; path = undo.png; sourceTree = "<group>"; };
		B8DDD1B918109C3500567AA7 /* unlink.png */ = {isa = PBXFileReference; lastKnownFileType = image.png; path = unlink.png; sourceTree = "<group>"; };
		B8DDD1BB18109C3600567AA7 /* NSAttributedString+RichTextEditor.h */ = {isa = PBXFileReference; fileEncoding = 4; lastKnownFileType = sourcecode.c.h; path = "NSAttributedString+RichTextEditor.h"; sourceTree = "<group>"; };
		B8DDD1BC18109C3600567AA7 /* NSAttributedString+RichTextEditor.m */ = {isa = PBXFileReference; fileEncoding = 4; lastKnownFileType = sourcecode.c.objc; path = "NSAttributedString+RichTextEditor.m"; sourceTree = "<group>"; };
		B8DDD1BD18109C3600567AA7 /* UIFont+RichTextEditor.h */ = {isa = PBXFileReference; fileEncoding = 4; lastKnownFileType = sourcecode.c.h; path = "UIFont+RichTextEditor.h"; sourceTree = "<group>"; };
		B8DDD1BE18109C3600567AA7 /* UIFont+RichTextEditor.m */ = {isa = PBXFileReference; fileEncoding = 4; lastKnownFileType = sourcecode.c.objc; path = "UIFont+RichTextEditor.m"; sourceTree = "<group>"; };
		B8DDD1BF18109C3600567AA7 /* UIView+RichTextEditor.h */ = {isa = PBXFileReference; fileEncoding = 4; lastKnownFileType = sourcecode.c.h; path = "UIView+RichTextEditor.h"; sourceTree = "<group>"; };
		B8DDD1C018109C3600567AA7 /* UIView+RichTextEditor.m */ = {isa = PBXFileReference; fileEncoding = 4; lastKnownFileType = sourcecode.c.objc; path = "UIView+RichTextEditor.m"; sourceTree = "<group>"; };
		B8DDD1C118109C3600567AA7 /* RichTextEditor.h */ = {isa = PBXFileReference; fileEncoding = 4; lastKnownFileType = sourcecode.c.h; path = RichTextEditor.h; sourceTree = "<group>"; };
		B8DDD1C218109C3600567AA7 /* RichTextEditor.m */ = {isa = PBXFileReference; fileEncoding = 4; lastKnownFileType = sourcecode.c.objc; path = RichTextEditor.m; sourceTree = "<group>"; };
		B8DDD1C318109C3600567AA7 /* RichTextEditorColorPickerViewController.h */ = {isa = PBXFileReference; fileEncoding = 4; lastKnownFileType = sourcecode.c.h; path = RichTextEditorColorPickerViewController.h; sourceTree = "<group>"; };
		B8DDD1C418109C3600567AA7 /* RichTextEditorColorPickerViewController.m */ = {isa = PBXFileReference; fileEncoding = 4; lastKnownFileType = sourcecode.c.objc; path = RichTextEditorColorPickerViewController.m; sourceTree = "<group>"; };
		B8DDD1C518109C3600567AA7 /* RichTextEditorFontPickerViewController.h */ = {isa = PBXFileReference; fileEncoding = 4; lastKnownFileType = sourcecode.c.h; path = RichTextEditorFontPickerViewController.h; sourceTree = "<group>"; };
		B8DDD1C618109C3600567AA7 /* RichTextEditorFontPickerViewController.m */ = {isa = PBXFileReference; fileEncoding = 4; lastKnownFileType = sourcecode.c.objc; path = RichTextEditorFontPickerViewController.m; sourceTree = "<group>"; };
		B8DDD1C718109C3600567AA7 /* RichTextEditorFontSizePickerViewController.h */ = {isa = PBXFileReference; fileEncoding = 4; lastKnownFileType = sourcecode.c.h; path = RichTextEditorFontSizePickerViewController.h; sourceTree = "<group>"; };
		B8DDD1C818109C3600567AA7 /* RichTextEditorFontSizePickerViewController.m */ = {isa = PBXFileReference; fileEncoding = 4; lastKnownFileType = sourcecode.c.objc; path = RichTextEditorFontSizePickerViewController.m; sourceTree = "<group>"; };
		B8DDD1C918109C3600567AA7 /* RichTextEditorPopover.h */ = {isa = PBXFileReference; fileEncoding = 4; lastKnownFileType = sourcecode.c.h; path = RichTextEditorPopover.h; sourceTree = "<group>"; };
		B8DDD1CA18109C3600567AA7 /* RichTextEditorToggleButton.h */ = {isa = PBXFileReference; fileEncoding = 4; lastKnownFileType = sourcecode.c.h; path = RichTextEditorToggleButton.h; sourceTree = "<group>"; };
		B8DDD1CB18109C3600567AA7 /* RichTextEditorToggleButton.m */ = {isa = PBXFileReference; fileEncoding = 4; lastKnownFileType = sourcecode.c.objc; path = RichTextEditorToggleButton.m; sourceTree = "<group>"; };
		B8DDD1CC18109C3600567AA7 /* RichTextEditorToolbar.h */ = {isa = PBXFileReference; fileEncoding = 4; lastKnownFileType = sourcecode.c.h; path = RichTextEditorToolbar.h; sourceTree = "<group>"; };
		B8DDD1CD18109C3600567AA7 /* RichTextEditorToolbar.m */ = {isa = PBXFileReference; fileEncoding = 4; lastKnownFileType = sourcecode.c.objc; path = RichTextEditorToolbar.m; sourceTree = "<group>"; };
		D6C0872E37B24A98876C9A8E /* Pods.xcconfig */ = {isa = PBXFileReference; includeInIndex = 1; lastKnownFileType = text.xcconfig; name = Pods.xcconfig; path = Pods/Pods.xcconfig; sourceTree = SOURCE_ROOT; };
/* End PBXFileReference section */

/* Begin PBXFrameworksBuildPhase section */
		A6F553E817BD737200728B8C /* Frameworks */ = {
			isa = PBXFrameworksBuildPhase;
			buildActionMask = 2147483647;
			files = (
				A6F553F117BD737200728B8C /* CoreGraphics.framework in Frameworks */,
				A6F553F517BD737200728B8C /* CoreData.framework in Frameworks */,
				A6F553F317BD737200728B8C /* UIKit.framework in Frameworks */,
				A6F553EF17BD737200728B8C /* Foundation.framework in Frameworks */,
				CA0F8356E0134BAC8244836C /* libPods.a in Frameworks */,
			);
			runOnlyForDeploymentPostprocessing = 0;
		};
		A6F5540817BD737200728B8C /* Frameworks */ = {
			isa = PBXFrameworksBuildPhase;
			buildActionMask = 2147483647;
			files = (
				A6F5540D17BD737200728B8C /* XCTest.framework in Frameworks */,
				A6F5541017BD737200728B8C /* CoreData.framework in Frameworks */,
				A6F5540F17BD737200728B8C /* UIKit.framework in Frameworks */,
				A6F5540E17BD737200728B8C /* Foundation.framework in Frameworks */,
			);
			runOnlyForDeploymentPostprocessing = 0;
		};
/* End PBXFrameworksBuildPhase section */

/* Begin PBXGroup section */
		A6F553E217BD737200728B8C = {
			isa = PBXGroup;
			children = (
				A6F553F617BD737200728B8C /* Space */,
				A6F5541317BD737200728B8C /* SpaceTests */,
				A6F553ED17BD737200728B8C /* Frameworks */,
				A6F553EC17BD737200728B8C /* Products */,
				D6C0872E37B24A98876C9A8E /* Pods.xcconfig */,
			);
			sourceTree = "<group>";
		};
		A6F553EC17BD737200728B8C /* Products */ = {
			isa = PBXGroup;
			children = (
				A6F553EB17BD737200728B8C /* Space.app */,
				A6F5540B17BD737200728B8C /* SpaceTests.xctest */,
			);
			name = Products;
			sourceTree = "<group>";
		};
		A6F553ED17BD737200728B8C /* Frameworks */ = {
			isa = PBXGroup;
			children = (
				A6F553EE17BD737200728B8C /* Foundation.framework */,
				A6F553F017BD737200728B8C /* CoreGraphics.framework */,
				A6F553F217BD737200728B8C /* UIKit.framework */,
				A6F553F417BD737200728B8C /* CoreData.framework */,
				A6F5540C17BD737200728B8C /* XCTest.framework */,
				1842E80713F540AB860880DC /* libPods.a */,
			);
			name = Frameworks;
			sourceTree = "<group>";
		};
		A6F553F617BD737200728B8C /* Space */ = {
			isa = PBXGroup;
			children = (
				B83D02C2180765CE003A2C7B /* Helper */,
				E4DD05C617E90A5800ED525D /* CoreData */,
				E4DD05C717E90A7B00ED525D /* Constants */,
				B8DDD18718109C3500567AA7 /* RichTextEditor */,
				A6F553FF17BD737200728B8C /* AppDelegate.h */,
				A6F5540017BD737200728B8C /* AppDelegate.m */,
				A6EF0DE317C56310005EF2A0 /* NoteView.h */,
				A6EF0DE417C56310005EF2A0 /* NoteView.m */,
				B83D02BE18075443003A2C7B /* DrawerViewControllerDelegate.h */,
				A6EF0DDD17C41173005EF2A0 /* DrawerViewController.h */,
				A6EF0DDE17C41173005EF2A0 /* DrawerViewController.m */,
				A62D413A17BD7D850073DDB4 /* CanvasViewController.h */,
				A62D413B17BD7D850073DDB4 /* CanvasViewController.m */,
				A6EF0DE017C537DD005EF2A0 /* FocusViewController.h */,
				A6EF0DE117C537DD005EF2A0 /* FocusViewController.m */,
				A699F2F617CC06830001E6B0 /* CanvasSelectionViewController.h */,
				A699F2F717CC06830001E6B0 /* CanvasSelectionViewController.m */,
				B8270B5617D7C605007B6EBB /* CanvasMenuPopover.h */,
				B8270B5717D7C605007B6EBB /* CanvasMenuPopover.m */,
				B84E6E4B17F25A9A005A78D6 /* PrototypingPopover.h */,
				B84E6E4C17F25A9A005A78D6 /* PrototypingPopover.m */,
				A6F5540517BD737200728B8C /* Images.xcassets */,
				A6F553F717BD737200728B8C /* Supporting Files */,
			);
			path = Space;
			sourceTree = "<group>";
		};
		A6F553F717BD737200728B8C /* Supporting Files */ = {
			isa = PBXGroup;
			children = (
				A6F553F817BD737200728B8C /* Space-Info.plist */,
				A6F553F917BD737200728B8C /* InfoPlist.strings */,
				A6F553FC17BD737200728B8C /* main.m */,
				A6F553FE17BD737200728B8C /* Space-Prefix.pch */,
			);
			name = "Supporting Files";
			sourceTree = "<group>";
		};
		A6F5541317BD737200728B8C /* SpaceTests */ = {
			isa = PBXGroup;
			children = (
				A6F5541917BD737200728B8C /* SpaceTests.m */,
				A6F5541417BD737200728B8C /* Supporting Files */,
			);
			path = SpaceTests;
			sourceTree = "<group>";
		};
		A6F5541417BD737200728B8C /* Supporting Files */ = {
			isa = PBXGroup;
			children = (
				A6F5541517BD737200728B8C /* SpaceTests-Info.plist */,
				A6F5541617BD737200728B8C /* InfoPlist.strings */,
			);
			name = "Supporting Files";
			sourceTree = "<group>";
		};
		B83D02C2180765CE003A2C7B /* Helper */ = {
			isa = PBXGroup;
			children = (
				B8CFC07117EA4B7B000F0853 /* Coordinate.h */,
				B8CFC07217EA4B7B000F0853 /* Coordinate.m */,
				B83D02BF180765C1003A2C7B /* HelperMethods.h */,
				B83D02C0180765C1003A2C7B /* HelperMethods.m */,
			);
			name = Helper;
			sourceTree = "<group>";
		};
		B8DDD18718109C3500567AA7 /* RichTextEditor */ = {
			isa = PBXGroup;
			children = (
				B8DDD18818109C3500567AA7 /* Assets */,
				B8DDD1BA18109C3600567AA7 /* Categories */,
				B8DDD1C118109C3600567AA7 /* RichTextEditor.h */,
				B8DDD1C218109C3600567AA7 /* RichTextEditor.m */,
				B8DDD1C318109C3600567AA7 /* RichTextEditorColorPickerViewController.h */,
				B8DDD1C418109C3600567AA7 /* RichTextEditorColorPickerViewController.m */,
				B8DDD1C518109C3600567AA7 /* RichTextEditorFontPickerViewController.h */,
				B8DDD1C618109C3600567AA7 /* RichTextEditorFontPickerViewController.m */,
				B8DDD1C718109C3600567AA7 /* RichTextEditorFontSizePickerViewController.h */,
				B8DDD1C818109C3600567AA7 /* RichTextEditorFontSizePickerViewController.m */,
				B8DDD1C918109C3600567AA7 /* RichTextEditorPopover.h */,
				B8DDD1CA18109C3600567AA7 /* RichTextEditorToggleButton.h */,
				B8DDD1CB18109C3600567AA7 /* RichTextEditorToggleButton.m */,
				B8DDD1CC18109C3600567AA7 /* RichTextEditorToolbar.h */,
				B8DDD1CD18109C3600567AA7 /* RichTextEditorToolbar.m */,
			);
			path = RichTextEditor;
			sourceTree = "<group>";
		};
		B8DDD18818109C3500567AA7 /* Assets */ = {
			isa = PBXGroup;
			children = (
				B8DDD18918109C3500567AA7 /* backcolor.png */,
				B8DDD18A18109C3500567AA7 /* bold.png */,
				B8DDD18B18109C3500567AA7 /* bold@2x.png */,
				B8DDD18C18109C3500567AA7 /* bullist.png */,
				B8DDD18D18109C3500567AA7 /* bullist@2x.png */,
				B8DDD18E18109C3500567AA7 /* buttons */,
				B8DDD19918109C3500567AA7 /* code.png */,
				B8DDD19A18109C3500567AA7 /* colors.jpg */,
				B8DDD19B18109C3500567AA7 /* email.png */,
				B8DDD19C18109C3500567AA7 /* file.png */,
				B8DDD19D18109C3500567AA7 /* firstLineIndent.png */,
				B8DDD19E18109C3500567AA7 /* firstLineIndent@2x.png */,
				B8DDD19F18109C3500567AA7 /* forecolor.png */,
				B8DDD1A018109C3500567AA7 /* image.png */,
				B8DDD1A118109C3500567AA7 /* indent.png */,
				B8DDD1A218109C3500567AA7 /* indent@2x.png */,
				B8DDD1A318109C3500567AA7 /* italic.png */,
				B8DDD1A418109C3500567AA7 /* italic@2x.png */,
				B8DDD1A518109C3500567AA7 /* justifycenter.png */,
				B8DDD1A618109C3500567AA7 /* justifycenter@2x.png */,
				B8DDD1A718109C3500567AA7 /* justifyfull.png */,
				B8DDD1A818109C3500567AA7 /* justifyfull@2x.png */,
				B8DDD1A918109C3500567AA7 /* justifyleft.png */,
				B8DDD1AA18109C3500567AA7 /* justifyleft@2x.png */,
				B8DDD1AB18109C3500567AA7 /* justifyright.png */,
				B8DDD1AC18109C3500567AA7 /* justifyright@2x.png */,
				B8DDD1AD18109C3500567AA7 /* link.png */,
				B8DDD1AE18109C3500567AA7 /* numlist.png */,
				B8DDD1AF18109C3500567AA7 /* numlist@2x.png */,
				B8DDD1B018109C3500567AA7 /* outdent.png */,
				B8DDD1B118109C3500567AA7 /* outdent@2x.png */,
				B8DDD1B218109C3500567AA7 /* redo.png */,
				B8DDD1B318109C3500567AA7 /* removeformat.png */,
				B8DDD1B418109C3500567AA7 /* strikethrough.png */,
				B8DDD1B518109C3500567AA7 /* strikethrough@2x.png */,
				B8DDD1B618109C3500567AA7 /* underline.png */,
				B8DDD1B718109C3500567AA7 /* underline@2x.png */,
				B8DDD1B818109C3500567AA7 /* undo.png */,
				B8DDD1B918109C3500567AA7 /* unlink.png */,
			);
			path = Assets;
			sourceTree = "<group>";
		};
		B8DDD18E18109C3500567AA7 /* buttons */ = {
			isa = PBXGroup;
			children = (
				B8DDD18F18109C3500567AA7 /* button.png */,
				B8DDD19018109C3500567AA7 /* buttoncenter.png */,
				B8DDD19118109C3500567AA7 /* buttoncenterSelected.png */,
				B8DDD19218109C3500567AA7 /* buttonleft.png */,
				B8DDD19318109C3500567AA7 /* buttonleftSelected.png */,
				B8DDD19418109C3500567AA7 /* buttonright.png */,
				B8DDD19518109C3500567AA7 /* buttonrightSelected.png */,
				B8DDD19618109C3500567AA7 /* buttonSelected.png */,
				B8DDD19718109C3500567AA7 /* dropDownTriangle.png */,
				B8DDD19818109C3500567AA7 /* dropDownTriangle@2x.png */,
			);
			path = buttons;
			sourceTree = "<group>";
		};
		B8DDD1BA18109C3600567AA7 /* Categories */ = {
			isa = PBXGroup;
			children = (
				B8DDD1BB18109C3600567AA7 /* NSAttributedString+RichTextEditor.h */,
				B8DDD1BC18109C3600567AA7 /* NSAttributedString+RichTextEditor.m */,
				B8DDD1BD18109C3600567AA7 /* UIFont+RichTextEditor.h */,
				B8DDD1BE18109C3600567AA7 /* UIFont+RichTextEditor.m */,
				B8DDD1BF18109C3600567AA7 /* UIView+RichTextEditor.h */,
				B8DDD1C018109C3600567AA7 /* UIView+RichTextEditor.m */,
			);
			path = Categories;
			sourceTree = "<group>";
		};
		E4DD05C617E90A5800ED525D /* CoreData */ = {
			isa = PBXGroup;
			children = (
				A6F5540217BD737200728B8C /* Space.xcdatamodeld */,
				A62D413117BD795F0073DDB4 /* Database.h */,
				A62D413217BD795F0073DDB4 /* Database.m */,
				A62D413717BD7BE80073DDB4 /* Note.h */,
				A62D413817BD7BE80073DDB4 /* Note.m */,
			);
			name = CoreData;
			sourceTree = "<group>";
		};
		E4DD05C717E90A7B00ED525D /* Constants */ = {
			isa = PBXGroup;
			children = (
				A699F2FB17CC18FB0001E6B0 /* Notifications.h */,
				A699F2FC17CC18FB0001E6B0 /* Notifications.m */,
				B83D42D317D8F5E800409BBF /* Constants.h */,
				B83D42D417D8F5E800409BBF /* Constants.m */,
			);
			name = Constants;
			sourceTree = "<group>";
		};
/* End PBXGroup section */

/* Begin PBXNativeTarget section */
		A6F553EA17BD737200728B8C /* Space */ = {
			isa = PBXNativeTarget;
			buildConfigurationList = A6F5541D17BD737200728B8C /* Build configuration list for PBXNativeTarget "Space" */;
			buildPhases = (
				2243640ED633433CBCC2A0BF /* Check Pods Manifest.lock */,
				A6F553E717BD737200728B8C /* Sources */,
				A6F553E817BD737200728B8C /* Frameworks */,
				A6F553E917BD737200728B8C /* Resources */,
				D9109F622CA549868C3DBF15 /* Copy Pods Resources */,
			);
			buildRules = (
			);
			dependencies = (
			);
			name = Space;
			productName = Space;
			productReference = A6F553EB17BD737200728B8C /* Space.app */;
			productType = "com.apple.product-type.application";
		};
		A6F5540A17BD737200728B8C /* SpaceTests */ = {
			isa = PBXNativeTarget;
			buildConfigurationList = A6F5542017BD737200728B8C /* Build configuration list for PBXNativeTarget "SpaceTests" */;
			buildPhases = (
				A6F5540717BD737200728B8C /* Sources */,
				A6F5540817BD737200728B8C /* Frameworks */,
				A6F5540917BD737200728B8C /* Resources */,
			);
			buildRules = (
			);
			dependencies = (
				A6F5541217BD737200728B8C /* PBXTargetDependency */,
			);
			name = SpaceTests;
			productName = SpaceTests;
			productReference = A6F5540B17BD737200728B8C /* SpaceTests.xctest */;
			productType = "com.apple.product-type.bundle.unit-test";
		};
/* End PBXNativeTarget section */

/* Begin PBXProject section */
		A6F553E317BD737200728B8C /* Project object */ = {
			isa = PBXProject;
			attributes = {
				LastUpgradeCheck = 0500;
				ORGANIZATIONNAME = "University of British Columbia";
				TargetAttributes = {
					A6F5540A17BD737200728B8C = {
						TestTargetID = A6F553EA17BD737200728B8C;
					};
				};
			};
			buildConfigurationList = A6F553E617BD737200728B8C /* Build configuration list for PBXProject "Space" */;
			compatibilityVersion = "Xcode 3.2";
			developmentRegion = English;
			hasScannedForEncodings = 0;
			knownRegions = (
				en,
			);
			mainGroup = A6F553E217BD737200728B8C;
			productRefGroup = A6F553EC17BD737200728B8C /* Products */;
			projectDirPath = "";
			projectRoot = "";
			targets = (
				A6F553EA17BD737200728B8C /* Space */,
				A6F5540A17BD737200728B8C /* SpaceTests */,
			);
		};
/* End PBXProject section */

/* Begin PBXResourcesBuildPhase section */
		A6F553E917BD737200728B8C /* Resources */ = {
			isa = PBXResourcesBuildPhase;
			buildActionMask = 2147483647;
			files = (
				B8DDD1F418109C3600567AA7 /* outdent.png in Resources */,
				B8DDD1FA18109C3600567AA7 /* underline.png in Resources */,
				B8DDD1D818109C3600567AA7 /* buttonright.png in Resources */,
				B8DDD1DA18109C3600567AA7 /* buttonSelected.png in Resources */,
				B8DDD1DD18109C3600567AA7 /* code.png in Resources */,
				B8DDD1EB18109C3600567AA7 /* justifyfull.png in Resources */,
				B8DDD1CF18109C3600567AA7 /* bold.png in Resources */,
				B8DDD1D318109C3600567AA7 /* button.png in Resources */,
				B8DDD1F618109C3600567AA7 /* redo.png in Resources */,
				A6F553FB17BD737200728B8C /* InfoPlist.strings in Resources */,
				B8DDD1F818109C3600567AA7 /* strikethrough.png in Resources */,
				B8DDD1F318109C3600567AA7 /* numlist@2x.png in Resources */,
				B8DDD1CE18109C3600567AA7 /* backcolor.png in Resources */,
				B8DDD1D918109C3600567AA7 /* buttonrightSelected.png in Resources */,
				B8DDD1E118109C3600567AA7 /* firstLineIndent.png in Resources */,
				B8DDD1DF18109C3600567AA7 /* email.png in Resources */,
				B8DDD1E218109C3600567AA7 /* firstLineIndent@2x.png in Resources */,
				B8DDD1D618109C3600567AA7 /* buttonleft.png in Resources */,
				B8DDD1D118109C3600567AA7 /* bullist.png in Resources */,
				B8DDD1FB18109C3600567AA7 /* underline@2x.png in Resources */,
				B8DDD1D218109C3600567AA7 /* bullist@2x.png in Resources */,
				B8DDD1F718109C3600567AA7 /* removeformat.png in Resources */,
				B8DDD1ED18109C3600567AA7 /* justifyleft.png in Resources */,
				B8DDD1E418109C3600567AA7 /* image.png in Resources */,
				B8DDD1DB18109C3600567AA7 /* dropDownTriangle.png in Resources */,
				B8DDD1E618109C3600567AA7 /* indent@2x.png in Resources */,
				B8DDD1F218109C3600567AA7 /* numlist.png in Resources */,
				B8DDD1EF18109C3600567AA7 /* justifyright.png in Resources */,
				B8DDD1EA18109C3600567AA7 /* justifycenter@2x.png in Resources */,
				B8DDD1EE18109C3600567AA7 /* justifyleft@2x.png in Resources */,
				B8DDD1F918109C3600567AA7 /* strikethrough@2x.png in Resources */,
				B8DDD1DC18109C3600567AA7 /* dropDownTriangle@2x.png in Resources */,
				B8DDD1D418109C3600567AA7 /* buttoncenter.png in Resources */,
				B8DDD1D518109C3600567AA7 /* buttoncenterSelected.png in Resources */,
				B8DDD1F518109C3600567AA7 /* outdent@2x.png in Resources */,
				B8DDD1EC18109C3600567AA7 /* justifyfull@2x.png in Resources */,
				B8DDD1FD18109C3600567AA7 /* unlink.png in Resources */,
				B8DDD1DE18109C3600567AA7 /* colors.jpg in Resources */,
				B8DDD1E318109C3600567AA7 /* forecolor.png in Resources */,
				B8DDD1F018109C3600567AA7 /* justifyright@2x.png in Resources */,
				B8DDD1FC18109C3600567AA7 /* undo.png in Resources */,
				B8DDD1D718109C3600567AA7 /* buttonleftSelected.png in Resources */,
				B8DDD1E718109C3600567AA7 /* italic.png in Resources */,
				B8DDD1F118109C3600567AA7 /* link.png in Resources */,
				B8DDD1D018109C3600567AA7 /* bold@2x.png in Resources */,
				A6F5540617BD737200728B8C /* Images.xcassets in Resources */,
				B8DDD1E018109C3600567AA7 /* file.png in Resources */,
				B8DDD1E818109C3600567AA7 /* italic@2x.png in Resources */,
				B8DDD1E518109C3600567AA7 /* indent.png in Resources */,
				B8DDD1E918109C3600567AA7 /* justifycenter.png in Resources */,
			);
			runOnlyForDeploymentPostprocessing = 0;
		};
		A6F5540917BD737200728B8C /* Resources */ = {
			isa = PBXResourcesBuildPhase;
			buildActionMask = 2147483647;
			files = (
				A6F5541817BD737200728B8C /* InfoPlist.strings in Resources */,
			);
			runOnlyForDeploymentPostprocessing = 0;
		};
/* End PBXResourcesBuildPhase section */

/* Begin PBXShellScriptBuildPhase section */
		2243640ED633433CBCC2A0BF /* Check Pods Manifest.lock */ = {
			isa = PBXShellScriptBuildPhase;
			buildActionMask = 2147483647;
			files = (
			);
			inputPaths = (
			);
			name = "Check Pods Manifest.lock";
			outputPaths = (
			);
			runOnlyForDeploymentPostprocessing = 0;
			shellPath = /bin/sh;
			shellScript = "diff \"${PODS_ROOT}/../Podfile.lock\" \"${PODS_ROOT}/Manifest.lock\" > /dev/null\nif [[ $? != 0 ]] ; then\n    cat << EOM\nerror: The sandbox is not in sync with the Podfile.lock. Run 'pod install' or update your CocoaPods installation.\nEOM\n    exit 1\nfi\n";
			showEnvVarsInLog = 0;
		};
		D9109F622CA549868C3DBF15 /* Copy Pods Resources */ = {
			isa = PBXShellScriptBuildPhase;
			buildActionMask = 2147483647;
			files = (
			);
			inputPaths = (
			);
			name = "Copy Pods Resources";
			outputPaths = (
			);
			runOnlyForDeploymentPostprocessing = 0;
			shellPath = /bin/sh;
			shellScript = "\"${SRCROOT}/Pods/Pods-resources.sh\"\n";
			showEnvVarsInLog = 0;
		};
/* End PBXShellScriptBuildPhase section */

/* Begin PBXSourcesBuildPhase section */
		A6F553E717BD737200728B8C /* Sources */ = {
			isa = PBXSourcesBuildPhase;
			buildActionMask = 2147483647;
			files = (
				B8DDD1FF18109C3600567AA7 /* UIFont+RichTextEditor.m in Sources */,
				B83D02C1180765C1003A2C7B /* HelperMethods.m in Sources */,
				B8DDD20218109C3600567AA7 /* RichTextEditorColorPickerViewController.m in Sources */,
				B8DDD20618109C3600567AA7 /* RichTextEditorToolbar.m in Sources */,
				A6F5540117BD737200728B8C /* AppDelegate.m in Sources */,
				B8DDD20518109C3600567AA7 /* RichTextEditorToggleButton.m in Sources */,
				A6F553FD17BD737200728B8C /* main.m in Sources */,
				A6EF0DE517C56310005EF2A0 /* NoteView.m in Sources */,
				A699F2F817CC06830001E6B0 /* CanvasSelectionViewController.m in Sources */,
				B8DDD1FE18109C3600567AA7 /* NSAttributedString+RichTextEditor.m in Sources */,
				B8DDD20418109C3600567AA7 /* RichTextEditorFontSizePickerViewController.m in Sources */,
				A62D413917BD7BE80073DDB4 /* Note.m in Sources */,
				B8DDD20018109C3600567AA7 /* UIView+RichTextEditor.m in Sources */,
				B8CFC07317EA4B7B000F0853 /* Coordinate.m in Sources */,
				B8DDD20118109C3600567AA7 /* RichTextEditor.m in Sources */,
				A62D413C17BD7D850073DDB4 /* CanvasViewController.m in Sources */,
				B84E6E4D17F25A9A005A78D6 /* PrototypingPopover.m in Sources */,
				A699F2FD17CC18FB0001E6B0 /* Notifications.m in Sources */,
				B83D42D517D8F5E800409BBF /* Constants.m in Sources */,
				B8DDD20318109C3600567AA7 /* RichTextEditorFontPickerViewController.m in Sources */,
				A6EF0DDF17C41173005EF2A0 /* DrawerViewController.m in Sources */,
				A62D413317BD795F0073DDB4 /* Database.m in Sources */,
				A6F5540417BD737200728B8C /* Space.xcdatamodeld in Sources */,
				B8270B5817D7C605007B6EBB /* CanvasMenuPopover.m in Sources */,
				A6EF0DE217C537DD005EF2A0 /* FocusViewController.m in Sources */,
			);
			runOnlyForDeploymentPostprocessing = 0;
		};
		A6F5540717BD737200728B8C /* Sources */ = {
			isa = PBXSourcesBuildPhase;
			buildActionMask = 2147483647;
			files = (
				A6F5541A17BD737200728B8C /* SpaceTests.m in Sources */,
			);
			runOnlyForDeploymentPostprocessing = 0;
		};
/* End PBXSourcesBuildPhase section */

/* Begin PBXTargetDependency section */
		A6F5541217BD737200728B8C /* PBXTargetDependency */ = {
			isa = PBXTargetDependency;
			target = A6F553EA17BD737200728B8C /* Space */;
			targetProxy = A6F5541117BD737200728B8C /* PBXContainerItemProxy */;
		};
/* End PBXTargetDependency section */

/* Begin PBXVariantGroup section */
		A6F553F917BD737200728B8C /* InfoPlist.strings */ = {
			isa = PBXVariantGroup;
			children = (
				A6F553FA17BD737200728B8C /* en */,
			);
			name = InfoPlist.strings;
			sourceTree = "<group>";
		};
		A6F5541617BD737200728B8C /* InfoPlist.strings */ = {
			isa = PBXVariantGroup;
			children = (
				A6F5541717BD737200728B8C /* en */,
			);
			name = InfoPlist.strings;
			sourceTree = "<group>";
		};
/* End PBXVariantGroup section */

/* Begin XCBuildConfiguration section */
		A6F5541B17BD737200728B8C /* Debug */ = {
			isa = XCBuildConfiguration;
			buildSettings = {
				ALWAYS_SEARCH_USER_PATHS = NO;
				CLANG_CXX_LANGUAGE_STANDARD = "gnu++0x";
				CLANG_CXX_LIBRARY = "libc++";
				CLANG_ENABLE_MODULES = YES;
				CLANG_ENABLE_OBJC_ARC = YES;
				CLANG_WARN_BOOL_CONVERSION = YES;
				CLANG_WARN_CONSTANT_CONVERSION = YES;
				CLANG_WARN_DIRECT_OBJC_ISA_USAGE = YES_ERROR;
				CLANG_WARN_EMPTY_BODY = YES;
				CLANG_WARN_ENUM_CONVERSION = YES;
				CLANG_WARN_INT_CONVERSION = YES;
				CLANG_WARN_OBJC_ROOT_CLASS = YES_ERROR;
				CLANG_WARN__DUPLICATE_METHOD_MATCH = YES;
				"CODE_SIGN_IDENTITY[sdk=iphoneos*]" = "iPhone Developer";
				COPY_PHASE_STRIP = NO;
				GCC_C_LANGUAGE_STANDARD = gnu99;
				GCC_DYNAMIC_NO_PIC = NO;
				GCC_OPTIMIZATION_LEVEL = 0;
				GCC_PREPROCESSOR_DEFINITIONS = (
					"DEBUG=1",
					"$(inherited)",
				);
				GCC_SYMBOLS_PRIVATE_EXTERN = NO;
				GCC_WARN_ABOUT_RETURN_TYPE = YES_ERROR;
				GCC_WARN_UNDECLARED_SELECTOR = YES;
				GCC_WARN_UNINITIALIZED_AUTOS = YES;
				GCC_WARN_UNUSED_FUNCTION = YES;
				GCC_WARN_UNUSED_VARIABLE = YES;
				IPHONEOS_DEPLOYMENT_TARGET = 7.0;
				ONLY_ACTIVE_ARCH = YES;
				SDKROOT = iphoneos;
				TARGETED_DEVICE_FAMILY = 2;
			};
			name = Debug;
		};
		A6F5541C17BD737200728B8C /* Release */ = {
			isa = XCBuildConfiguration;
			buildSettings = {
				ALWAYS_SEARCH_USER_PATHS = NO;
				CLANG_CXX_LANGUAGE_STANDARD = "gnu++0x";
				CLANG_CXX_LIBRARY = "libc++";
				CLANG_ENABLE_MODULES = YES;
				CLANG_ENABLE_OBJC_ARC = YES;
				CLANG_WARN_BOOL_CONVERSION = YES;
				CLANG_WARN_CONSTANT_CONVERSION = YES;
				CLANG_WARN_DIRECT_OBJC_ISA_USAGE = YES_ERROR;
				CLANG_WARN_EMPTY_BODY = YES;
				CLANG_WARN_ENUM_CONVERSION = YES;
				CLANG_WARN_INT_CONVERSION = YES;
				CLANG_WARN_OBJC_ROOT_CLASS = YES_ERROR;
				CLANG_WARN__DUPLICATE_METHOD_MATCH = YES;
				"CODE_SIGN_IDENTITY[sdk=iphoneos*]" = "iPhone Developer";
				COPY_PHASE_STRIP = YES;
				ENABLE_NS_ASSERTIONS = NO;
				GCC_C_LANGUAGE_STANDARD = gnu99;
				GCC_WARN_ABOUT_RETURN_TYPE = YES_ERROR;
				GCC_WARN_UNDECLARED_SELECTOR = YES;
				GCC_WARN_UNINITIALIZED_AUTOS = YES;
				GCC_WARN_UNUSED_FUNCTION = YES;
				GCC_WARN_UNUSED_VARIABLE = YES;
				IPHONEOS_DEPLOYMENT_TARGET = 7.0;
				SDKROOT = iphoneos;
				TARGETED_DEVICE_FAMILY = 2;
				VALIDATE_PRODUCT = YES;
			};
			name = Release;
		};
		A6F5541E17BD737200728B8C /* Debug */ = {
			isa = XCBuildConfiguration;
			baseConfigurationReference = D6C0872E37B24A98876C9A8E /* Pods.xcconfig */;
			buildSettings = {
				ASSETCATALOG_COMPILER_APPICON_NAME = AppIcon;
				ASSETCATALOG_COMPILER_LAUNCHIMAGE_NAME = LaunchImage;
				GCC_PRECOMPILE_PREFIX_HEADER = YES;
				GCC_PREFIX_HEADER = "Space/Space-Prefix.pch";
				INFOPLIST_FILE = "Space/Space-Info.plist";
				PRODUCT_NAME = "$(TARGET_NAME)";
				WRAPPER_EXTENSION = app;
			};
			name = Debug;
		};
		A6F5541F17BD737200728B8C /* Release */ = {
			isa = XCBuildConfiguration;
			baseConfigurationReference = D6C0872E37B24A98876C9A8E /* Pods.xcconfig */;
			buildSettings = {
				ASSETCATALOG_COMPILER_APPICON_NAME = AppIcon;
				ASSETCATALOG_COMPILER_LAUNCHIMAGE_NAME = LaunchImage;
				GCC_PRECOMPILE_PREFIX_HEADER = YES;
				GCC_PREFIX_HEADER = "Space/Space-Prefix.pch";
				INFOPLIST_FILE = "Space/Space-Info.plist";
				PRODUCT_NAME = "$(TARGET_NAME)";
				WRAPPER_EXTENSION = app;
			};
			name = Release;
		};
		A6F5542117BD737200728B8C /* Debug */ = {
			isa = XCBuildConfiguration;
			buildSettings = {
				BUNDLE_LOADER = "$(BUILT_PRODUCTS_DIR)/Space.app/Space";
				FRAMEWORK_SEARCH_PATHS = (
					"$(SDKROOT)/Developer/Library/Frameworks",
					"$(inherited)",
					"$(DEVELOPER_FRAMEWORKS_DIR)",
				);
				GCC_PRECOMPILE_PREFIX_HEADER = YES;
				GCC_PREFIX_HEADER = "Space/Space-Prefix.pch";
				GCC_PREPROCESSOR_DEFINITIONS = (
					"DEBUG=1",
					"$(inherited)",
				);
				INFOPLIST_FILE = "SpaceTests/SpaceTests-Info.plist";
				PRODUCT_NAME = "$(TARGET_NAME)";
				TEST_HOST = "$(BUNDLE_LOADER)";
				WRAPPER_EXTENSION = xctest;
			};
			name = Debug;
		};
		A6F5542217BD737200728B8C /* Release */ = {
			isa = XCBuildConfiguration;
			buildSettings = {
				BUNDLE_LOADER = "$(BUILT_PRODUCTS_DIR)/Space.app/Space";
				FRAMEWORK_SEARCH_PATHS = (
					"$(SDKROOT)/Developer/Library/Frameworks",
					"$(inherited)",
					"$(DEVELOPER_FRAMEWORKS_DIR)",
				);
				GCC_PRECOMPILE_PREFIX_HEADER = YES;
				GCC_PREFIX_HEADER = "Space/Space-Prefix.pch";
				INFOPLIST_FILE = "SpaceTests/SpaceTests-Info.plist";
				PRODUCT_NAME = "$(TARGET_NAME)";
				TEST_HOST = "$(BUNDLE_LOADER)";
				WRAPPER_EXTENSION = xctest;
			};
			name = Release;
		};
/* End XCBuildConfiguration section */

/* Begin XCConfigurationList section */
		A6F553E617BD737200728B8C /* Build configuration list for PBXProject "Space" */ = {
			isa = XCConfigurationList;
			buildConfigurations = (
				A6F5541B17BD737200728B8C /* Debug */,
				A6F5541C17BD737200728B8C /* Release */,
			);
			defaultConfigurationIsVisible = 0;
			defaultConfigurationName = Release;
		};
		A6F5541D17BD737200728B8C /* Build configuration list for PBXNativeTarget "Space" */ = {
			isa = XCConfigurationList;
			buildConfigurations = (
				A6F5541E17BD737200728B8C /* Debug */,
				A6F5541F17BD737200728B8C /* Release */,
			);
			defaultConfigurationIsVisible = 0;
			defaultConfigurationName = Release;
		};
		A6F5542017BD737200728B8C /* Build configuration list for PBXNativeTarget "SpaceTests" */ = {
			isa = XCConfigurationList;
			buildConfigurations = (
				A6F5542117BD737200728B8C /* Debug */,
				A6F5542217BD737200728B8C /* Release */,
			);
			defaultConfigurationIsVisible = 0;
			defaultConfigurationName = Release;
		};
/* End XCConfigurationList section */

/* Begin XCVersionGroup section */
		A6F5540217BD737200728B8C /* Space.xcdatamodeld */ = {
			isa = XCVersionGroup;
			children = (
				A6F5540317BD737200728B8C /* Space.xcdatamodel */,
			);
			currentVersion = A6F5540317BD737200728B8C /* Space.xcdatamodel */;
			path = Space.xcdatamodeld;
			sourceTree = "<group>";
			versionGroupType = wrapper.xcdatamodel;
		};
/* End XCVersionGroup section */
	};
	rootObject = A6F553E317BD737200728B8C /* Project object */;
}
